
Microsoft Visual Studio Solution File, Format Version 12.00
# Visual Studio Version 17
VisualStudioVersion = 17.6.33829.357
MinimumVisualStudioVersion = 10.0.40219.1
Project("{9A19103F-16F7-4668-BE54-9A1E7A4F7556}") = "MvcMovie", "MvcMovie\MvcMovie.csproj", "{B44851B2-7472-47F2-AE51-D0F1F01CF9C6}"
EndProject
Project("{FAE04EC0-301F-11D3-BF4B-00C04F79EFBC}") = "ProjectMVC", "ProjectMVC\ProjectMVC.csproj", "{B50FE749-ADD3-4D76-9396-DD0C9CB83BB7}"
EndProject
Global
	GlobalSection(SolutionConfigurationPlatforms) = preSolution
		Debug|Any CPU = Debug|Any CPU
		Release|Any CPU = Release|Any CPU
	EndGlobalSection
	GlobalSection(ProjectConfigurationPlatforms) = postSolution
		{B44851B2-7472-47F2-AE51-D0F1F01CF9C6}.Debug|Any CPU.ActiveCfg = Debug|Any CPU
		{B44851B2-7472-47F2-AE51-D0F1F01CF9C6}.Debug|Any CPU.Build.0 = Debug|Any CPU
		{B44851B2-7472-47F2-AE51-D0F1F01CF9C6}.Release|Any CPU.ActiveCfg = Release|Any CPU
		{B44851B2-7472-47F2-AE51-D0F1F01CF9C6}.Release|Any CPU.Build.0 = Release|Any CPU
		{B50FE749-ADD3-4D76-9396-DD0C9CB83BB7}.Debug|Any CPU.ActiveCfg = Debug|Any CPU
		{B50FE749-ADD3-4D76-9396-DD0C9CB83BB7}.Debug|Any CPU.Build.0 = Debug|Any CPU
		{B50FE749-ADD3-4D76-9396-DD0C9CB83BB7}.Release|Any CPU.ActiveCfg = Release|Any CPU
		{B50FE749-ADD3-4D76-9396-DD0C9CB83BB7}.Release|Any CPU.Build.0 = Release|Any CPU
	EndGlobalSection
	GlobalSection(SolutionProperties) = preSolution
		HideSolutionNode = FALSE
	EndGlobalSection
	GlobalSection(ExtensibilityGlobals) = postSolution
		SolutionGuid = {2633B569-94A9-4C91-BCF4-AA8D8A9B9473}
	EndGlobalSection
EndGlobal
